// !$*UTF8*$!
{
	archiveVersion = 1;
	classes = {
	};
	objectVersion = 46;
	objects = {

/* Begin PBXBuildFile section */
		0D3259746FA5EA7EFC624D44 /* libPods.a in Frameworks */ = {isa = PBXBuildFile; fileRef = ABC56016E2A88643B0595D66 /* libPods.a */; };
		0DB880041B45D05B00D406D9 /* AnimationController.swift in Sources */ = {isa = PBXBuildFile; fileRef = 0DB87FF91B45D05B00D406D9 /* AnimationController.swift */; };
		0DB880051B45D05B00D406D9 /* ImageAction.swift in Sources */ = {isa = PBXBuildFile; fileRef = 0DB87FFA1B45D05B00D406D9 /* ImageAction.swift */; };
		0DB880061B45D05B00D406D9 /* ImageCollectionViewCell.swift in Sources */ = {isa = PBXBuildFile; fileRef = 0DB87FFB1B45D05B00D406D9 /* ImageCollectionViewCell.swift */; };
		0DB880071B45D05B00D406D9 /* ImagePickerCollectionView.swift in Sources */ = {isa = PBXBuildFile; fileRef = 0DB87FFC1B45D05B00D406D9 /* ImagePickerCollectionView.swift */; };
		0DB880081B45D05B00D406D9 /* ImagePickerSheetController.swift in Sources */ = {isa = PBXBuildFile; fileRef = 0DB87FFE1B45D05B00D406D9 /* ImagePickerSheetController.swift */; };
		0DB880091B45D05B00D406D9 /* ImagePreviewFlowLayout.swift in Sources */ = {isa = PBXBuildFile; fileRef = 0DB87FFF1B45D05B00D406D9 /* ImagePreviewFlowLayout.swift */; };
		0DB8800A1B45D05B00D406D9 /* ImagePreviewTableViewCell.swift in Sources */ = {isa = PBXBuildFile; fileRef = 0DB880001B45D05B00D406D9 /* ImagePreviewTableViewCell.swift */; };
		0DB8800D1B45D05B00D406D9 /* PreviewSupplementaryView.swift in Sources */ = {isa = PBXBuildFile; fileRef = 0DB880031B45D05B00D406D9 /* PreviewSupplementaryView.swift */; };
		0DDDEE861B4B168900ED73CC /* CliqCollectionViewCell.swift in Sources */ = {isa = PBXBuildFile; fileRef = 0DDDEE841B4B168900ED73CC /* CliqCollectionViewCell.swift */; };
		0DDDEE871B4B168900ED73CC /* CliqCollectionViewCell.xib in Resources */ = {isa = PBXBuildFile; fileRef = 0DDDEE851B4B168900ED73CC /* CliqCollectionViewCell.xib */; };
		AAB4DF061BADC7F000F4B8F3 /* Action_button.png in Resources */ = {isa = PBXBuildFile; fileRef = AAB4DF051BADC7F000F4B8F3 /* Action_button.png */; };
		B24CCA1B1B97CEBE00A16773 /* CliqListPhotosViewController.swift in Sources */ = {isa = PBXBuildFile; fileRef = B24CCA1A1B97CEBE00A16773 /* CliqListPhotosViewController.swift */; };
		B2DA1E061B4C958B00B62C38 /* CliqNameCollectionViewController.swift in Sources */ = {isa = PBXBuildFile; fileRef = B2DA1E051B4C958B00B62C38 /* CliqNameCollectionViewController.swift */; };
		F48F25071AF6E8EF00562863 /* cliq_logo.png in Resources */ = {isa = PBXBuildFile; fileRef = F48F25061AF6E8EF00562863 /* cliq_logo.png */; };
		F4A367641B37BB3D000C83C4 /* CliqCreationViewController.swift in Sources */ = {isa = PBXBuildFile; fileRef = F4A367631B37BB3D000C83C4 /* CliqCreationViewController.swift */; };
		F4CABB0A1AF6CFB80059A1A7 /* AppDelegate.swift in Sources */ = {isa = PBXBuildFile; fileRef = F4CABB091AF6CFB80059A1A7 /* AppDelegate.swift */; };
		F4CABB0C1AF6CFB80059A1A7 /* CliqHomeViewController.swift in Sources */ = {isa = PBXBuildFile; fileRef = F4CABB0B1AF6CFB80059A1A7 /* CliqHomeViewController.swift */; };
		F4CABB0F1AF6CFB80059A1A7 /* Main.storyboard in Resources */ = {isa = PBXBuildFile; fileRef = F4CABB0D1AF6CFB80059A1A7 /* Main.storyboard */; };
		F4CABB111AF6CFB80059A1A7 /* Images.xcassets in Resources */ = {isa = PBXBuildFile; fileRef = F4CABB101AF6CFB80059A1A7 /* Images.xcassets */; };
		F4CABB141AF6CFB80059A1A7 /* LaunchScreen.xib in Resources */ = {isa = PBXBuildFile; fileRef = F4CABB121AF6CFB80059A1A7 /* LaunchScreen.xib */; };
		F4CABB201AF6CFB80059A1A7 /* CliqTests.swift in Sources */ = {isa = PBXBuildFile; fileRef = F4CABB1F1AF6CFB80059A1A7 /* CliqTests.swift */; };
/* End PBXBuildFile section */

/* Begin PBXContainerItemProxy section */
		F4CABB1A1AF6CFB80059A1A7 /* PBXContainerItemProxy */ = {
			isa = PBXContainerItemProxy;
			containerPortal = F4CABAFC1AF6CFB80059A1A7 /* Project object */;
			proxyType = 1;
			remoteGlobalIDString = F4CABB031AF6CFB80059A1A7;
			remoteInfo = Cliq;
		};
/* End PBXContainerItemProxy section */

/* Begin PBXFileReference section */
		0DB87FF91B45D05B00D406D9 /* AnimationController.swift */ = {isa = PBXFileReference; fileEncoding = 4; lastKnownFileType = sourcecode.swift; path = AnimationController.swift; sourceTree = "<group>"; };
		0DB87FFA1B45D05B00D406D9 /* ImageAction.swift */ = {isa = PBXFileReference; fileEncoding = 4; lastKnownFileType = sourcecode.swift; path = ImageAction.swift; sourceTree = "<group>"; };
		0DB87FFB1B45D05B00D406D9 /* ImageCollectionViewCell.swift */ = {isa = PBXFileReference; fileEncoding = 4; lastKnownFileType = sourcecode.swift; path = ImageCollectionViewCell.swift; sourceTree = "<group>"; };
		0DB87FFC1B45D05B00D406D9 /* ImagePickerCollectionView.swift */ = {isa = PBXFileReference; fileEncoding = 4; lastKnownFileType = sourcecode.swift; path = ImagePickerCollectionView.swift; sourceTree = "<group>"; };
		0DB87FFD1B45D05B00D406D9 /* ImagePickerSheetController.h */ = {isa = PBXFileReference; fileEncoding = 4; lastKnownFileType = sourcecode.c.h; path = ImagePickerSheetController.h; sourceTree = "<group>"; };
		0DB87FFE1B45D05B00D406D9 /* ImagePickerSheetController.swift */ = {isa = PBXFileReference; fileEncoding = 4; lastKnownFileType = sourcecode.swift; path = ImagePickerSheetController.swift; sourceTree = "<group>"; };
		0DB87FFF1B45D05B00D406D9 /* ImagePreviewFlowLayout.swift */ = {isa = PBXFileReference; fileEncoding = 4; lastKnownFileType = sourcecode.swift; path = ImagePreviewFlowLayout.swift; sourceTree = "<group>"; };
		0DB880001B45D05B00D406D9 /* ImagePreviewTableViewCell.swift */ = {isa = PBXFileReference; fileEncoding = 4; lastKnownFileType = sourcecode.swift; path = ImagePreviewTableViewCell.swift; sourceTree = "<group>"; };
		0DB880031B45D05B00D406D9 /* PreviewSupplementaryView.swift */ = {isa = PBXFileReference; fileEncoding = 4; lastKnownFileType = sourcecode.swift; path = PreviewSupplementaryView.swift; sourceTree = "<group>"; };
		0DDDEE841B4B168900ED73CC /* CliqCollectionViewCell.swift */ = {isa = PBXFileReference; fileEncoding = 4; lastKnownFileType = sourcecode.swift; path = CliqCollectionViewCell.swift; sourceTree = "<group>"; };
		0DDDEE851B4B168900ED73CC /* CliqCollectionViewCell.xib */ = {isa = PBXFileReference; fileEncoding = 4; lastKnownFileType = file.xib; path = CliqCollectionViewCell.xib; sourceTree = "<group>"; };
		5EA9BB17B9E9E29FD8B1F448 /* Pods.release.xcconfig */ = {isa = PBXFileReference; includeInIndex = 1; lastKnownFileType = text.xcconfig; name = Pods.release.xcconfig; path = "Pods/Target Support Files/Pods/Pods.release.xcconfig"; sourceTree = "<group>"; };
		66847187CA27E94849DB334A /* Pods.debug.xcconfig */ = {isa = PBXFileReference; includeInIndex = 1; lastKnownFileType = text.xcconfig; name = Pods.debug.xcconfig; path = "Pods/Target Support Files/Pods/Pods.debug.xcconfig"; sourceTree = "<group>"; };
		AAB4DF051BADC7F000F4B8F3 /* Action_button.png */ = {isa = PBXFileReference; lastKnownFileType = image.png; path = Action_button.png; sourceTree = "<group>"; };
		ABC56016E2A88643B0595D66 /* libPods.a */ = {isa = PBXFileReference; explicitFileType = archive.ar; includeInIndex = 0; path = libPods.a; sourceTree = BUILT_PRODUCTS_DIR; };
		B24CCA1A1B97CEBE00A16773 /* CliqListPhotosViewController.swift */ = {isa = PBXFileReference; fileEncoding = 4; lastKnownFileType = sourcecode.swift; path = CliqListPhotosViewController.swift; sourceTree = "<group>"; };
		B2DA1E051B4C958B00B62C38 /* CliqNameCollectionViewController.swift */ = {isa = PBXFileReference; fileEncoding = 4; lastKnownFileType = sourcecode.swift; path = CliqNameCollectionViewController.swift; sourceTree = "<group>"; };
		F48F25031AF6D52A00562863 /* Cliq-Bridging-Header.h */ = {isa = PBXFileReference; lastKnownFileType = sourcecode.c.h; path = "Cliq-Bridging-Header.h"; sourceTree = "<group>"; };
		F48F25061AF6E8EF00562863 /* cliq_logo.png */ = {isa = PBXFileReference; lastKnownFileType = image.png; path = cliq_logo.png; sourceTree = "<group>"; };
		F4A367631B37BB3D000C83C4 /* CliqCreationViewController.swift */ = {isa = PBXFileReference; fileEncoding = 4; lastKnownFileType = sourcecode.swift; path = CliqCreationViewController.swift; sourceTree = "<group>"; };
		F4CABB041AF6CFB80059A1A7 /* Cliq.app */ = {isa = PBXFileReference; explicitFileType = wrapper.application; includeInIndex = 0; path = Cliq.app; sourceTree = BUILT_PRODUCTS_DIR; };
		F4CABB081AF6CFB80059A1A7 /* Info.plist */ = {isa = PBXFileReference; lastKnownFileType = text.plist.xml; path = Info.plist; sourceTree = "<group>"; };
		F4CABB091AF6CFB80059A1A7 /* AppDelegate.swift */ = {isa = PBXFileReference; lastKnownFileType = sourcecode.swift; path = AppDelegate.swift; sourceTree = "<group>"; };
		F4CABB0B1AF6CFB80059A1A7 /* CliqHomeViewController.swift */ = {isa = PBXFileReference; lastKnownFileType = sourcecode.swift; path = CliqHomeViewController.swift; sourceTree = "<group>"; };
		F4CABB0E1AF6CFB80059A1A7 /* Base */ = {isa = PBXFileReference; lastKnownFileType = file.storyboard; name = Base; path = Base.lproj/Main.storyboard; sourceTree = "<group>"; };
		F4CABB101AF6CFB80059A1A7 /* Images.xcassets */ = {isa = PBXFileReference; lastKnownFileType = folder.assetcatalog; path = Images.xcassets; sourceTree = "<group>"; };
		F4CABB131AF6CFB80059A1A7 /* Base */ = {isa = PBXFileReference; lastKnownFileType = file.xib; name = Base; path = Base.lproj/LaunchScreen.xib; sourceTree = "<group>"; };
		F4CABB191AF6CFB80059A1A7 /* CliqTests.xctest */ = {isa = PBXFileReference; explicitFileType = wrapper.cfbundle; includeInIndex = 0; path = CliqTests.xctest; sourceTree = BUILT_PRODUCTS_DIR; };
		F4CABB1E1AF6CFB80059A1A7 /* Info.plist */ = {isa = PBXFileReference; lastKnownFileType = text.plist.xml; path = Info.plist; sourceTree = "<group>"; };
		F4CABB1F1AF6CFB80059A1A7 /* CliqTests.swift */ = {isa = PBXFileReference; lastKnownFileType = sourcecode.swift; path = CliqTests.swift; sourceTree = "<group>"; };
/* End PBXFileReference section */

/* Begin PBXFrameworksBuildPhase section */
		F4CABB011AF6CFB80059A1A7 /* Frameworks */ = {
			isa = PBXFrameworksBuildPhase;
			buildActionMask = 2147483647;
			files = (
				0D3259746FA5EA7EFC624D44 /* libPods.a in Frameworks */,
			);
			runOnlyForDeploymentPostprocessing = 0;
		};
		F4CABB161AF6CFB80059A1A7 /* Frameworks */ = {
			isa = PBXFrameworksBuildPhase;
			buildActionMask = 2147483647;
			files = (
			);
			runOnlyForDeploymentPostprocessing = 0;
		};
/* End PBXFrameworksBuildPhase section */

/* Begin PBXGroup section */
		0DB87FF81B45D05B00D406D9 /* ImagePickerSheetController */ = {
			isa = PBXGroup;
			children = (
				0DB87FF91B45D05B00D406D9 /* AnimationController.swift */,
				0DB87FFA1B45D05B00D406D9 /* ImageAction.swift */,
				0DB87FFB1B45D05B00D406D9 /* ImageCollectionViewCell.swift */,
				0DB87FFC1B45D05B00D406D9 /* ImagePickerCollectionView.swift */,
				0DB87FFD1B45D05B00D406D9 /* ImagePickerSheetController.h */,
				0DB87FFE1B45D05B00D406D9 /* ImagePickerSheetController.swift */,
				0DB87FFF1B45D05B00D406D9 /* ImagePreviewFlowLayout.swift */,
				0DB880001B45D05B00D406D9 /* ImagePreviewTableViewCell.swift */,
				0DB880031B45D05B00D406D9 /* PreviewSupplementaryView.swift */,
			);
			path = ImagePickerSheetController;
			sourceTree = "<group>";
		};
		4605810D39F6D0C34D249BBB /* Pods */ = {
			isa = PBXGroup;
			children = (
				66847187CA27E94849DB334A /* Pods.debug.xcconfig */,
				5EA9BB17B9E9E29FD8B1F448 /* Pods.release.xcconfig */,
			);
			name = Pods;
			sourceTree = "<group>";
		};
		96CD99C1B1029AD0C54E518D /* Frameworks */ = {
			isa = PBXGroup;
			children = (
				ABC56016E2A88643B0595D66 /* libPods.a */,
			);
			name = Frameworks;
			sourceTree = "<group>";
		};
		B2471F8E1B8FEB5600A8D45A /* Controllers */ = {
			isa = PBXGroup;
			children = (
				F4CABB0B1AF6CFB80059A1A7 /* CliqHomeViewController.swift */,
				F4A367631B37BB3D000C83C4 /* CliqCreationViewController.swift */,
				B2DA1E051B4C958B00B62C38 /* CliqNameCollectionViewController.swift */,
				B24CCA1A1B97CEBE00A16773 /* CliqListPhotosViewController.swift */,
			);
			name = Controllers;
			sourceTree = "<group>";
		};
		B2471F8F1B8FEBC300A8D45A /* Views */ = {
			isa = PBXGroup;
			children = (
				0DDDEE841B4B168900ED73CC /* CliqCollectionViewCell.swift */,
				0DDDEE851B4B168900ED73CC /* CliqCollectionViewCell.xib */,
			);
			name = Views;
			sourceTree = "<group>";
		};
		F4CABAFB1AF6CFB80059A1A7 = {
			isa = PBXGroup;
			children = (
				F4CABB061AF6CFB80059A1A7 /* Cliq */,
				F4CABB1C1AF6CFB80059A1A7 /* CliqTests */,
				F4CABB051AF6CFB80059A1A7 /* Products */,
				4605810D39F6D0C34D249BBB /* Pods */,
				96CD99C1B1029AD0C54E518D /* Frameworks */,
			);
			sourceTree = "<group>";
		};
		F4CABB051AF6CFB80059A1A7 /* Products */ = {
			isa = PBXGroup;
			children = (
				F4CABB041AF6CFB80059A1A7 /* Cliq.app */,
				F4CABB191AF6CFB80059A1A7 /* CliqTests.xctest */,
			);
			name = Products;
			sourceTree = "<group>";
		};
		F4CABB061AF6CFB80059A1A7 /* Cliq */ = {
			isa = PBXGroup;
			children = (
				F4CABB091AF6CFB80059A1A7 /* AppDelegate.swift */,
				B2471F8F1B8FEBC300A8D45A /* Views */,
				0DB87FF81B45D05B00D406D9 /* ImagePickerSheetController */,
				B2471F8E1B8FEB5600A8D45A /* Controllers */,
				F4CABB0D1AF6CFB80059A1A7 /* Main.storyboard */,
				F4CABB101AF6CFB80059A1A7 /* Images.xcassets */,
				F4CABB121AF6CFB80059A1A7 /* LaunchScreen.xib */,
				F4CABB071AF6CFB80059A1A7 /* Supporting Files */,
			);
			path = Cliq;
			sourceTree = "<group>";
		};
		F4CABB071AF6CFB80059A1A7 /* Supporting Files */ = {
			isa = PBXGroup;
			children = (
				AAB4DF051BADC7F000F4B8F3 /* Action_button.png */,
				F48F25061AF6E8EF00562863 /* cliq_logo.png */,
				F4CABB081AF6CFB80059A1A7 /* Info.plist */,
				F48F25031AF6D52A00562863 /* Cliq-Bridging-Header.h */,
			);
			name = "Supporting Files";
			sourceTree = "<group>";
		};
		F4CABB1C1AF6CFB80059A1A7 /* CliqTests */ = {
			isa = PBXGroup;
			children = (
				F4CABB1F1AF6CFB80059A1A7 /* CliqTests.swift */,
				F4CABB1D1AF6CFB80059A1A7 /* Supporting Files */,
			);
			path = CliqTests;
			sourceTree = "<group>";
		};
		F4CABB1D1AF6CFB80059A1A7 /* Supporting Files */ = {
			isa = PBXGroup;
			children = (
				F4CABB1E1AF6CFB80059A1A7 /* Info.plist */,
			);
			name = "Supporting Files";
			sourceTree = "<group>";
		};
/* End PBXGroup section */

/* Begin PBXNativeTarget section */
		F4CABB031AF6CFB80059A1A7 /* Cliq */ = {
			isa = PBXNativeTarget;
			buildConfigurationList = F4CABB231AF6CFB80059A1A7 /* Build configuration list for PBXNativeTarget "Cliq" */;
			buildPhases = (
				388ED7549B24CDC0192398E1 /* Check Pods Manifest.lock */,
				F4CABB001AF6CFB80059A1A7 /* Sources */,
				F4CABB011AF6CFB80059A1A7 /* Frameworks */,
				F4CABB021AF6CFB80059A1A7 /* Resources */,
				A63A308B0CAA19BC446B112F /* Copy Pods Resources */,
			);
			buildRules = (
			);
			dependencies = (
			);
			name = Cliq;
			productName = Cliq;
			productReference = F4CABB041AF6CFB80059A1A7 /* Cliq.app */;
			productType = "com.apple.product-type.application";
		};
		F4CABB181AF6CFB80059A1A7 /* CliqTests */ = {
			isa = PBXNativeTarget;
			buildConfigurationList = F4CABB261AF6CFB80059A1A7 /* Build configuration list for PBXNativeTarget "CliqTests" */;
			buildPhases = (
				F4CABB151AF6CFB80059A1A7 /* Sources */,
				F4CABB161AF6CFB80059A1A7 /* Frameworks */,
				F4CABB171AF6CFB80059A1A7 /* Resources */,
			);
			buildRules = (
			);
			dependencies = (
				F4CABB1B1AF6CFB80059A1A7 /* PBXTargetDependency */,
			);
			name = CliqTests;
			productName = CliqTests;
			productReference = F4CABB191AF6CFB80059A1A7 /* CliqTests.xctest */;
			productType = "com.apple.product-type.bundle.unit-test";
		};
/* End PBXNativeTarget section */

/* Begin PBXProject section */
		F4CABAFC1AF6CFB80059A1A7 /* Project object */ = {
			isa = PBXProject;
			attributes = {
				LastUpgradeCheck = 0630;
				ORGANIZATIONNAME = "Arun Nagarajan";
				TargetAttributes = {
					F4CABB031AF6CFB80059A1A7 = {
						CreatedOnToolsVersion = 6.3.1;
						DevelopmentTeam = Y86G6TS245;
					};
					F4CABB181AF6CFB80059A1A7 = {
						CreatedOnToolsVersion = 6.3.1;
						TestTargetID = F4CABB031AF6CFB80059A1A7;
					};
				};
			};
			buildConfigurationList = F4CABAFF1AF6CFB80059A1A7 /* Build configuration list for PBXProject "Cliq" */;
			compatibilityVersion = "Xcode 3.2";
			developmentRegion = English;
			hasScannedForEncodings = 0;
			knownRegions = (
				en,
				Base,
			);
			mainGroup = F4CABAFB1AF6CFB80059A1A7;
			productRefGroup = F4CABB051AF6CFB80059A1A7 /* Products */;
			projectDirPath = "";
			projectRoot = "";
			targets = (
				F4CABB031AF6CFB80059A1A7 /* Cliq */,
				F4CABB181AF6CFB80059A1A7 /* CliqTests */,
			);
		};
/* End PBXProject section */

/* Begin PBXResourcesBuildPhase section */
		F4CABB021AF6CFB80059A1A7 /* Resources */ = {
			isa = PBXResourcesBuildPhase;
			buildActionMask = 2147483647;
			files = (
				F4CABB0F1AF6CFB80059A1A7 /* Main.storyboard in Resources */,
				AAB4DF061BADC7F000F4B8F3 /* Action_button.png in Resources */,
				F48F25071AF6E8EF00562863 /* cliq_logo.png in Resources */,
				F4CABB141AF6CFB80059A1A7 /* LaunchScreen.xib in Resources */,
				F4CABB111AF6CFB80059A1A7 /* Images.xcassets in Resources */,
				0DDDEE871B4B168900ED73CC /* CliqCollectionViewCell.xib in Resources */,
			);
			runOnlyForDeploymentPostprocessing = 0;
		};
		F4CABB171AF6CFB80059A1A7 /* Resources */ = {
			isa = PBXResourcesBuildPhase;
			buildActionMask = 2147483647;
			files = (
			);
			runOnlyForDeploymentPostprocessing = 0;
		};
/* End PBXResourcesBuildPhase section */

/* Begin PBXShellScriptBuildPhase section */
		388ED7549B24CDC0192398E1 /* Check Pods Manifest.lock */ = {
			isa = PBXShellScriptBuildPhase;
			buildActionMask = 2147483647;
			files = (
			);
			inputPaths = (
			);
			name = "Check Pods Manifest.lock";
			outputPaths = (
			);
			runOnlyForDeploymentPostprocessing = 0;
			shellPath = /bin/sh;
			shellScript = "diff \"${PODS_ROOT}/../Podfile.lock\" \"${PODS_ROOT}/Manifest.lock\" > /dev/null\nif [[ $? != 0 ]] ; then\n    cat << EOM\nerror: The sandbox is not in sync with the Podfile.lock. Run 'pod install' or update your CocoaPods installation.\nEOM\n    exit 1\nfi\n";
			showEnvVarsInLog = 0;
		};
		A63A308B0CAA19BC446B112F /* Copy Pods Resources */ = {
			isa = PBXShellScriptBuildPhase;
			buildActionMask = 2147483647;
			files = (
			);
			inputPaths = (
			);
			name = "Copy Pods Resources";
			outputPaths = (
			);
			runOnlyForDeploymentPostprocessing = 0;
			shellPath = /bin/sh;
			shellScript = "\"${SRCROOT}/Pods/Target Support Files/Pods/Pods-resources.sh\"\n";
			showEnvVarsInLog = 0;
		};
/* End PBXShellScriptBuildPhase section */

/* Begin PBXSourcesBuildPhase section */
		F4CABB001AF6CFB80059A1A7 /* Sources */ = {
			isa = PBXSourcesBuildPhase;
			buildActionMask = 2147483647;
			files = (
				0DB880091B45D05B00D406D9 /* ImagePreviewFlowLayout.swift in Sources */,
				0DB880061B45D05B00D406D9 /* ImageCollectionViewCell.swift in Sources */,
				0DB8800A1B45D05B00D406D9 /* ImagePreviewTableViewCell.swift in Sources */,
				0DB880041B45D05B00D406D9 /* AnimationController.swift in Sources */,
				0DB880081B45D05B00D406D9 /* ImagePickerSheetController.swift in Sources */,
				F4CABB0C1AF6CFB80059A1A7 /* CliqHomeViewController.swift in Sources */,
				F4A367641B37BB3D000C83C4 /* CliqCreationViewController.swift in Sources */,
				B2DA1E061B4C958B00B62C38 /* CliqNameCollectionViewController.swift in Sources */,
				0DB8800D1B45D05B00D406D9 /* PreviewSupplementaryView.swift in Sources */,
				0DB880051B45D05B00D406D9 /* ImageAction.swift in Sources */,
				B24CCA1B1B97CEBE00A16773 /* CliqListPhotosViewController.swift in Sources */,
				0DB880071B45D05B00D406D9 /* ImagePickerCollectionView.swift in Sources */,
				F4CABB0A1AF6CFB80059A1A7 /* AppDelegate.swift in Sources */,
				0DDDEE861B4B168900ED73CC /* CliqCollectionViewCell.swift in Sources */,
			);
			runOnlyForDeploymentPostprocessing = 0;
		};
		F4CABB151AF6CFB80059A1A7 /* Sources */ = {
			isa = PBXSourcesBuildPhase;
			buildActionMask = 2147483647;
			files = (
				F4CABB201AF6CFB80059A1A7 /* CliqTests.swift in Sources */,
			);
			runOnlyForDeploymentPostprocessing = 0;
		};
/* End PBXSourcesBuildPhase section */

/* Begin PBXTargetDependency section */
		F4CABB1B1AF6CFB80059A1A7 /* PBXTargetDependency */ = {
			isa = PBXTargetDependency;
			target = F4CABB031AF6CFB80059A1A7 /* Cliq */;
			targetProxy = F4CABB1A1AF6CFB80059A1A7 /* PBXContainerItemProxy */;
		};
/* End PBXTargetDependency section */

/* Begin PBXVariantGroup section */
		F4CABB0D1AF6CFB80059A1A7 /* Main.storyboard */ = {
			isa = PBXVariantGroup;
			children = (
				F4CABB0E1AF6CFB80059A1A7 /* Base */,
			);
			name = Main.storyboard;
			sourceTree = "<group>";
		};
		F4CABB121AF6CFB80059A1A7 /* LaunchScreen.xib */ = {
			isa = PBXVariantGroup;
			children = (
				F4CABB131AF6CFB80059A1A7 /* Base */,
			);
			name = LaunchScreen.xib;
			sourceTree = "<group>";
		};
/* End PBXVariantGroup section */

/* Begin XCBuildConfiguration section */
		F4CABB211AF6CFB80059A1A7 /* Debug */ = {
			isa = XCBuildConfiguration;
			buildSettings = {
				ALWAYS_SEARCH_USER_PATHS = NO;
				CLANG_CXX_LANGUAGE_STANDARD = "gnu++0x";
				CLANG_CXX_LIBRARY = "libc++";
				CLANG_ENABLE_MODULES = YES;
				CLANG_ENABLE_OBJC_ARC = YES;
				CLANG_WARN_BOOL_CONVERSION = YES;
				CLANG_WARN_CONSTANT_CONVERSION = YES;
				CLANG_WARN_DIRECT_OBJC_ISA_USAGE = YES_ERROR;
				CLANG_WARN_EMPTY_BODY = YES;
				CLANG_WARN_ENUM_CONVERSION = YES;
				CLANG_WARN_INT_CONVERSION = YES;
				CLANG_WARN_OBJC_ROOT_CLASS = YES_ERROR;
				CLANG_WARN_UNREACHABLE_CODE = YES;
				CLANG_WARN__DUPLICATE_METHOD_MATCH = YES;
				"CODE_SIGN_IDENTITY[sdk=iphoneos*]" = "iPhone Developer";
				COPY_PHASE_STRIP = NO;
				DEBUG_INFORMATION_FORMAT = "dwarf-with-dsym";
				ENABLE_STRICT_OBJC_MSGSEND = YES;
				GCC_C_LANGUAGE_STANDARD = gnu99;
				GCC_DYNAMIC_NO_PIC = NO;
				GCC_NO_COMMON_BLOCKS = YES;
				GCC_OPTIMIZATION_LEVEL = 0;
				GCC_PREPROCESSOR_DEFINITIONS = (
					"DEBUG=1",
					"$(inherited)",
				);
				GCC_SYMBOLS_PRIVATE_EXTERN = NO;
				GCC_WARN_64_TO_32_BIT_CONVERSION = YES;
				GCC_WARN_ABOUT_RETURN_TYPE = YES_ERROR;
				GCC_WARN_UNDECLARED_SELECTOR = YES;
				GCC_WARN_UNINITIALIZED_AUTOS = YES_AGGRESSIVE;
				GCC_WARN_UNUSED_FUNCTION = YES;
				GCC_WARN_UNUSED_VARIABLE = YES;
				IPHONEOS_DEPLOYMENT_TARGET = 8.3;
				MTL_ENABLE_DEBUG_INFO = YES;
				ONLY_ACTIVE_ARCH = YES;
				SDKROOT = iphoneos;
				SWIFT_OPTIMIZATION_LEVEL = "-Onone";
				TARGETED_DEVICE_FAMILY = "1,2";
			};
			name = Debug;
		};
		F4CABB221AF6CFB80059A1A7 /* Release */ = {
			isa = XCBuildConfiguration;
			buildSettings = {
				ALWAYS_SEARCH_USER_PATHS = NO;
				CLANG_CXX_LANGUAGE_STANDARD = "gnu++0x";
				CLANG_CXX_LIBRARY = "libc++";
				CLANG_ENABLE_MODULES = YES;
				CLANG_ENABLE_OBJC_ARC = YES;
				CLANG_WARN_BOOL_CONVERSION = YES;
				CLANG_WARN_CONSTANT_CONVERSION = YES;
				CLANG_WARN_DIRECT_OBJC_ISA_USAGE = YES_ERROR;
				CLANG_WARN_EMPTY_BODY = YES;
				CLANG_WARN_ENUM_CONVERSION = YES;
				CLANG_WARN_INT_CONVERSION = YES;
				CLANG_WARN_OBJC_ROOT_CLASS = YES_ERROR;
				CLANG_WARN_UNREACHABLE_CODE = YES;
				CLANG_WARN__DUPLICATE_METHOD_MATCH = YES;
				"CODE_SIGN_IDENTITY[sdk=iphoneos*]" = "iPhone Developer";
				COPY_PHASE_STRIP = NO;
				DEBUG_INFORMATION_FORMAT = "dwarf-with-dsym";
				ENABLE_NS_ASSERTIONS = NO;
				ENABLE_STRICT_OBJC_MSGSEND = YES;
				GCC_C_LANGUAGE_STANDARD = gnu99;
				GCC_NO_COMMON_BLOCKS = YES;
				GCC_WARN_64_TO_32_BIT_CONVERSION = YES;
				GCC_WARN_ABOUT_RETURN_TYPE = YES_ERROR;
				GCC_WARN_UNDECLARED_SELECTOR = YES;
				GCC_WARN_UNINITIALIZED_AUTOS = YES_AGGRESSIVE;
				GCC_WARN_UNUSED_FUNCTION = YES;
				GCC_WARN_UNUSED_VARIABLE = YES;
				IPHONEOS_DEPLOYMENT_TARGET = 8.3;
				MTL_ENABLE_DEBUG_INFO = NO;
				SDKROOT = iphoneos;
				TARGETED_DEVICE_FAMILY = "1,2";
				VALIDATE_PRODUCT = YES;
			};
			name = Release;
		};
		F4CABB241AF6CFB80059A1A7 /* Debug */ = {
			isa = XCBuildConfiguration;
			baseConfigurationReference = 66847187CA27E94849DB334A /* Pods.debug.xcconfig */;
			buildSettings = {
				ASSETCATALOG_COMPILER_APPICON_NAME = AppIcon;
				CLANG_ENABLE_MODULES = YES;
				CODE_SIGN_IDENTITY = "iPhone Developer";
				INFOPLIST_FILE = Cliq/Info.plist;
				LD_RUNPATH_SEARCH_PATHS = "$(inherited) @executable_path/Frameworks";
				PRODUCT_NAME = "$(TARGET_NAME)";
				SWIFT_OBJC_BRIDGING_HEADER = "Cliq/Cliq-Bridging-Header.h";
				SWIFT_OPTIMIZATION_LEVEL = "-Onone";
			};
			name = Debug;
		};
		F4CABB251AF6CFB80059A1A7 /* Release */ = {
			isa = XCBuildConfiguration;
			baseConfigurationReference = 5EA9BB17B9E9E29FD8B1F448 /* Pods.release.xcconfig */;
			buildSettings = {
				ASSETCATALOG_COMPILER_APPICON_NAME = AppIcon;
				CLANG_ENABLE_MODULES = YES;
				CODE_SIGN_IDENTITY = "iPhone Developer";
				INFOPLIST_FILE = Cliq/Info.plist;
				LD_RUNPATH_SEARCH_PATHS = "$(inherited) @executable_path/Frameworks";
				PRODUCT_NAME = "$(TARGET_NAME)";
				SWIFT_OBJC_BRIDGING_HEADER = "Cliq/Cliq-Bridging-Header.h";
			};
			name = Release;
		};
		F4CABB271AF6CFB80059A1A7 /* Debug */ = {
			isa = XCBuildConfiguration;
			buildSettings = {
				BUNDLE_LOADER = "$(TEST_HOST)";
				FRAMEWORK_SEARCH_PATHS = (
					"$(SDKROOT)/Developer/Library/Frameworks",
					"$(inherited)",
				);
				GCC_PREPROCESSOR_DEFINITIONS = (
					"DEBUG=1",
					"$(inherited)",
				);
				INFOPLIST_FILE = CliqTests/Info.plist;
				LD_RUNPATH_SEARCH_PATHS = "$(inherited) @executable_path/Frameworks @loader_path/Frameworks";
				PRODUCT_NAME = "$(TARGET_NAME)";
				TEST_HOST = "$(BUILT_PRODUCTS_DIR)/Cliq.app/Cliq";
			};
			name = Debug;
		};
		F4CABB281AF6CFB80059A1A7 /* Release */ = {
			isa = XCBuildConfiguration;
			buildSettings = {
				BUNDLE_LOADER = "$(TEST_HOST)";
				FRAMEWORK_SEARCH_PATHS = (
					"$(SDKROOT)/Developer/Library/Frameworks",
					"$(inherited)",
				);
				INFOPLIST_FILE = CliqTests/Info.plist;
				LD_RUNPATH_SEARCH_PATHS = "$(inherited) @executable_path/Frameworks @loader_path/Frameworks";
				PRODUCT_NAME = "$(TARGET_NAME)";
				TEST_HOST = "$(BUILT_PRODUCTS_DIR)/Cliq.app/Cliq";
			};
			name = Release;
		};
/* End XCBuildConfiguration section */

/* Begin XCConfigurationList section */
		F4CABAFF1AF6CFB80059A1A7 /* Build configuration list for PBXProject "Cliq" */ = {
			isa = XCConfigurationList;
			buildConfigurations = (
				F4CABB211AF6CFB80059A1A7 /* Debug */,
				F4CABB221AF6CFB80059A1A7 /* Release */,
			);
			defaultConfigurationIsVisible = 0;
			defaultConfigurationName = Release;
		};
		F4CABB231AF6CFB80059A1A7 /* Build configuration list for PBXNativeTarget "Cliq" */ = {
			isa = XCConfigurationList;
			buildConfigurations = (
				F4CABB241AF6CFB80059A1A7 /* Debug */,
				F4CABB251AF6CFB80059A1A7 /* Release */,
			);
			defaultConfigurationIsVisible = 0;
			defaultConfigurationName = Release;
		};
		F4CABB261AF6CFB80059A1A7 /* Build configuration list for PBXNativeTarget "CliqTests" */ = {
			isa = XCConfigurationList;
			buildConfigurations = (
				F4CABB271AF6CFB80059A1A7 /* Debug */,
				F4CABB281AF6CFB80059A1A7 /* Release */,
			);
			defaultConfigurationIsVisible = 0;
			defaultConfigurationName = Release;
		};
/* End XCConfigurationList section */
	};
	rootObject = F4CABAFC1AF6CFB80059A1A7 /* Project object */;
}
